
Microsoft Visual Studio Solution File, Format Version 12.00
# Visual Studio Version 17
VisualStudioVersion = 17.6.33815.320
MinimumVisualStudioVersion = 10.0.40219.1
Project("{9A19103F-16F7-4668-BE54-9A1E7A4F7556}") = "NotificationService", "NotificationService.csproj", "{EE01C8CC-09E9-4E06-BA84-1B11C6FCB99C}"
EndProject
Global
	GlobalSection(SolutionConfigurationPlatforms) = preSolution
		Debug|Any CPU = Debug|Any CPU
		Release|Any CPU = Release|Any CPU
	EndGlobalSection
	GlobalSection(ProjectConfigurationPlatforms) = postSolution
		{EE01C8CC-09E9-4E06-BA84-1B11C6FCB99C}.Debug|Any CPU.ActiveCfg = Debug|Any CPU
		{EE01C8CC-09E9-4E06-BA84-1B11C6FCB99C}.Debug|Any CPU.Build.0 = Debug|Any CPU
		{EE01C8CC-09E9-4E06-BA84-1B11C6FCB99C}.Release|Any CPU.ActiveCfg = Release|Any CPU
		{EE01C8CC-09E9-4E06-BA84-1B11C6FCB99C}.Release|Any CPU.Build.0 = Release|Any CPU
	EndGlobalSection
	GlobalSection(SolutionProperties) = preSolution
		HideSolutionNode = FALSE
	EndGlobalSection
	GlobalSection(ExtensibilityGlobals) = postSolution
		SolutionGuid = {309D1FBE-F8F7-4BD1-B5FD-CD1170F71A26}
	EndGlobalSection
EndGlobal
